
Microsoft Visual Studio Solution File, Format Version 12.00
# Visual Studio 15
VisualStudioVersion = 15.0.28307.438
MinimumVisualStudioVersion = 10.0.40219.1
Project("{FAE04EC0-301F-11D3-BF4B-00C04F79EFBC}") = "EditorText", "EditorText\EditorText.csproj", "{522C2776-9A9E-4FDA-9B6A-2527C3AB2788}"
EndProject
Global
	GlobalSection(SolutionConfigurationPlatforms) = preSolution
		Debug|Any CPU = Debug|Any CPU
		Release|Any CPU = Release|Any CPU
	EndGlobalSection
	GlobalSection(ProjectConfigurationPlatforms) = postSolution
		{522C2776-9A9E-4FDA-9B6A-2527C3AB2788}.Debug|Any CPU.ActiveCfg = Debug|Any CPU
		{522C2776-9A9E-4FDA-9B6A-2527C3AB2788}.Debug|Any CPU.Build.0 = Debug|Any CPU
		{522C2776-9A9E-4FDA-9B6A-2527C3AB2788}.Release|Any CPU.ActiveCfg = Release|Any CPU
		{522C2776-9A9E-4FDA-9B6A-2527C3AB2788}.Release|Any CPU.Build.0 = Release|Any CPU
	EndGlobalSection
	GlobalSection(SolutionProperties) = preSolution
		HideSolutionNode = FALSE
	EndGlobalSection
	GlobalSection(ExtensibilityGlobals) = postSolution
		SolutionGuid = {34B25094-1E4F-4FF1-B362-DBFF473E4245}
	EndGlobalSection
EndGlobal
